
Microsoft Visual Studio Solution File, Format Version 12.00
# Visual Studio Version 16
VisualStudioVersion = 16.0.29418.71
MinimumVisualStudioVersion = 10.0.40219.1
Project("{FAE04EC0-301F-11D3-BF4B-00C04F79EFBC}") = "part2", "part2\part2.csproj", "{88BF57EF-E682-4756-A4FD-0225FC7BAE50}"
EndProject
Project("{FAE04EC0-301F-11D3-BF4B-00C04F79EFBC}") = "part1", "part1\part1.csproj", "{9869F619-BFAF-43C1-A857-98917349C584}"
EndProject
Global
	GlobalSection(SolutionConfigurationPlatforms) = preSolution
		Debug|Any CPU = Debug|Any CPU
		Release|Any CPU = Release|Any CPU
	EndGlobalSection
	GlobalSection(ProjectConfigurationPlatforms) = postSolution
		{88BF57EF-E682-4756-A4FD-0225FC7BAE50}.Debug|Any CPU.ActiveCfg = Debug|Any CPU
		{88BF57EF-E682-4756-A4FD-0225FC7BAE50}.Debug|Any CPU.Build.0 = Debug|Any CPU
		{88BF57EF-E682-4756-A4FD-0225FC7BAE50}.Release|Any CPU.ActiveCfg = Release|Any CPU
		{88BF57EF-E682-4756-A4FD-0225FC7BAE50}.Release|Any CPU.Build.0 = Release|Any CPU
		{9869F619-BFAF-43C1-A857-98917349C584}.Debug|Any CPU.ActiveCfg = Debug|Any CPU
		{9869F619-BFAF-43C1-A857-98917349C584}.Debug|Any CPU.Build.0 = Debug|Any CPU
		{9869F619-BFAF-43C1-A857-98917349C584}.Release|Any CPU.ActiveCfg = Release|Any CPU
		{9869F619-BFAF-43C1-A857-98917349C584}.Release|Any CPU.Build.0 = Release|Any CPU
	EndGlobalSection
	GlobalSection(SolutionProperties) = preSolution
		HideSolutionNode = FALSE
	EndGlobalSection
	GlobalSection(ExtensibilityGlobals) = postSolution
		SolutionGuid = {2069099E-D5D1-4EA4-BA86-A75DBDD0832B}
	EndGlobalSection
EndGlobal
