
Microsoft Visual Studio Solution File, Format Version 12.00
# Visual Studio 15
VisualStudioVersion = 15.0.27703.2035
MinimumVisualStudioVersion = 10.0.40219.1
Project("{FAE04EC0-301F-11D3-BF4B-00C04F79EFBC}") = "dotNet5780_01_7724_8992", "dotNet5780_01_7724_8992\dotNet5780_01_7724_8992.csproj", "{B2874EC8-A04A-46CD-8A2D-0BA5182A9157}"
EndProject
Global
	GlobalSection(SolutionConfigurationPlatforms) = preSolution
		Debug|Any CPU = Debug|Any CPU
		Release|Any CPU = Release|Any CPU
	EndGlobalSection
	GlobalSection(ProjectConfigurationPlatforms) = postSolution
		{B2874EC8-A04A-46CD-8A2D-0BA5182A9157}.Debug|Any CPU.ActiveCfg = Debug|Any CPU
		{B2874EC8-A04A-46CD-8A2D-0BA5182A9157}.Debug|Any CPU.Build.0 = Debug|Any CPU
		{B2874EC8-A04A-46CD-8A2D-0BA5182A9157}.Release|Any CPU.ActiveCfg = Release|Any CPU
		{B2874EC8-A04A-46CD-8A2D-0BA5182A9157}.Release|Any CPU.Build.0 = Release|Any CPU
	EndGlobalSection
	GlobalSection(SolutionProperties) = preSolution
		HideSolutionNode = FALSE
	EndGlobalSection
	GlobalSection(ExtensibilityGlobals) = postSolution
		SolutionGuid = {2069099E-D5D1-4EA4-BA86-A75DBDD0832B}
	EndGlobalSection
EndGlobal
